<Solution>
  <Folder Name="/analyzers/">
    <Project Path="MudBlazor.Analyzers.CodeFixes/MudBlazor.Analyzers.CodeFixes.csproj" />
    <Project Path="MudBlazor.Analyzers/MudBlazor.Analyzers.csproj" />
  </Folder>
  <Folder Name="/Application/" />
  <Folder Name="/Application/Client/">
    <Project Path="../../EASYAPP/src/EasyApp/EasyApp.csproj" />
  </Folder>
  <Folder Name="/Application/Data/">
    <Project Path="EasyAppDB/EasyAppDB.csproj" Id="7da81742-946e-4ae4-98bf-8e8c24b2f91a" />
  </Folder>
  <Folder Name="/Application/Data/Repository/">
    <File Path="UnitOfWork.cs" />
  </Folder>
  <Folder Name="/Application/Data/Repository/IRepository/">
    <File Path="IUnitOfWork.cs" />
  </Folder>
  <Folder Name="/Application/Server/">
    <Project Path="HR/HR.csproj" Id="0d3009fe-f67d-49d0-9860-e5ef76674cb1" />
  </Folder>
  <Folder Name="/Application/Shared/" />
  <Folder Name="/docs/">
    <Project Path="MudBlazor.Docs.Compiler/MudBlazor.Docs.Compiler.csproj" />
    <Project Path="MudBlazor.Docs.Server/MudBlazor.Docs.Server.csproj" />
    <Project Path="MudBlazor.Docs.Wasm/MudBlazor.Docs.Wasm.csproj" />
    <Project Path="MudBlazor.Docs.WasmHost/MudBlazor.Docs.WasmHost.csproj" />
    <Project Path="MudBlazor.Docs/MudBlazor.Docs.csproj" />
    <Project Path="MudBlazor.Examples.Data/MudBlazor.Examples.Data.csproj" />
  </Folder>
  <Folder Name="/Solution Items/">
    <File Path=".editorconfig" />
    <File Path="Directory.Build.props" />
    <File Path="Directory.Build.targets" />
  </Folder>
  <Folder Name="/tests/">
    <Project Path="MudBlazor.Analyzers.TestComponents/MudBlazor.Analyzers.TestComponents.csproj" />
    <Project Path="MudBlazor.UnitTests.Analyzers/MudBlazor.UnitTests.Analyzers.csproj" />
    <Project Path="MudBlazor.UnitTests.Docs.Generator/MudBlazor.UnitTests.Docs.Generator.csproj" />
    <Project Path="MudBlazor.UnitTests.Docs/MudBlazor.UnitTests.Docs.csproj" />
    <Project Path="MudBlazor.UnitTests.Shared/MudBlazor.UnitTests.Shared.csproj" />
    <Project Path="MudBlazor.UnitTests.Viewer/MudBlazor.UnitTests.Viewer.csproj" />
    <Project Path="MudBlazor.UnitTests/MudBlazor.UnitTests.csproj" />
  </Folder>
  <Project Path="MudBlazor/MudBlazor.csproj" />
</Solution>
